
Microsoft Visual Studio Solution File, Format Version 12.00
# Visual Studio Version 16
VisualStudioVersion = 16.0.30406.217
MinimumVisualStudioVersion = 10.0.40219.1
Project("{FAE04EC0-301F-11D3-BF4B-00C04F79EFBC}") = "DS_BST3", "DS_BST3.csproj", "{91D5C68E-EEC9-4E60-8B4A-0EECD177119E}"
EndProject
Global
	GlobalSection(SolutionConfigurationPlatforms) = preSolution
		Debug|Any CPU = Debug|Any CPU
		Release|Any CPU = Release|Any CPU
	EndGlobalSection
	GlobalSection(ProjectConfigurationPlatforms) = postSolution
		{91D5C68E-EEC9-4E60-8B4A-0EECD177119E}.Debug|Any CPU.ActiveCfg = Debug|Any CPU
		{91D5C68E-EEC9-4E60-8B4A-0EECD177119E}.Debug|Any CPU.Build.0 = Debug|Any CPU
		{91D5C68E-EEC9-4E60-8B4A-0EECD177119E}.Release|Any CPU.ActiveCfg = Release|Any CPU
		{91D5C68E-EEC9-4E60-8B4A-0EECD177119E}.Release|Any CPU.Build.0 = Release|Any CPU
	EndGlobalSection
	GlobalSection(SolutionProperties) = preSolution
		HideSolutionNode = FALSE
	EndGlobalSection
	GlobalSection(ExtensibilityGlobals) = postSolution
		SolutionGuid = {9F6494D2-7136-4E49-93A9-F14930541D61}
	EndGlobalSection
EndGlobal
